{
    "name": "onefinance",
    "version": "0.1.0",
    "lockfileVersion": 3,
    "requires": true,
    "packages": {
        "": {
            "name": "onefinance",
            "version": "0.1.0",
            "license": "SEE LICENSE IN LICENSE",
            "bin": {
                "one-balances": "bin/one-balances",
                "one-check-jwt-ttl": "bin/one-check-jwt-ttl"
            }
        }
    }
}
